
Microsoft Visual Studio Solution File, Format Version 11.00
# Visual C++ Express 2010
Project("{8BC9CEB8-8B4A-11D0-8D11-00A0C91BC942}") = "콘솔메뉴 15010970 박서인", "콘솔메뉴 15010970 박서인\콘솔메뉴 15010970 박서인.vcxproj", "{107B9CC7-0439-4676-8B42-2860F1E6CA31}"
EndProject
Global
	GlobalSection(SolutionConfigurationPlatforms) = preSolution
		Debug|Win32 = Debug|Win32
		Release|Win32 = Release|Win32
	EndGlobalSection
	GlobalSection(ProjectConfigurationPlatforms) = postSolution
		{107B9CC7-0439-4676-8B42-2860F1E6CA31}.Debug|Win32.ActiveCfg = Debug|Win32
		{107B9CC7-0439-4676-8B42-2860F1E6CA31}.Debug|Win32.Build.0 = Debug|Win32
		{107B9CC7-0439-4676-8B42-2860F1E6CA31}.Release|Win32.ActiveCfg = Release|Win32
		{107B9CC7-0439-4676-8B42-2860F1E6CA31}.Release|Win32.Build.0 = Release|Win32
	EndGlobalSection
	GlobalSection(SolutionProperties) = preSolution
		HideSolutionNode = FALSE
	EndGlobalSection
EndGlobal
